
Microsoft Visual Studio Solution File, Format Version 12.00
# Visual Studio 15
VisualStudioVersion = 15.0.27130.2026
MinimumVisualStudioVersion = 10.0.40219.1
Project("{FAE04EC0-301F-11D3-BF4B-00C04F79EFBC}") = "Cinegy.TsAnalysis", "Cinegy.TsAnalysis\Cinegy.TsAnalysis.csproj", "{0866C8C1-9935-4A54-9CAD-112D78801FD0}"
EndProject
Global
	GlobalSection(SolutionConfigurationPlatforms) = preSolution
		Debug|Any CPU = Debug|Any CPU
		Release|Any CPU = Release|Any CPU
	EndGlobalSection
	GlobalSection(ProjectConfigurationPlatforms) = postSolution
		{0866C8C1-9935-4A54-9CAD-112D78801FD0}.Debug|Any CPU.ActiveCfg = Debug|Any CPU
		{0866C8C1-9935-4A54-9CAD-112D78801FD0}.Debug|Any CPU.Build.0 = Debug|Any CPU
		{0866C8C1-9935-4A54-9CAD-112D78801FD0}.Release|Any CPU.ActiveCfg = Release|Any CPU
		{0866C8C1-9935-4A54-9CAD-112D78801FD0}.Release|Any CPU.Build.0 = Release|Any CPU
	EndGlobalSection
	GlobalSection(SolutionProperties) = preSolution
		HideSolutionNode = FALSE
	EndGlobalSection
	GlobalSection(ExtensibilityGlobals) = postSolution
		SolutionGuid = {B1E1CC13-C0E1-414E-A2CC-960FBC32BB34}
	EndGlobalSection
EndGlobal
